
Microsoft Visual Studio Solution File, Format Version 12.00
# Visual Studio 15
VisualStudioVersion = 15.0.26228.4
MinimumVisualStudioVersion = 10.0.40219.1
Project("{8BC9CEB8-8B4A-11D0-8D11-00A0C91BC942}") = "directory_2", "directory_2\directory_2.vcxproj", "{F3379797-947A-428A-9718-FFAD1E972806}"
EndProject
Project("{8BC9CEB8-8B4A-11D0-8D11-00A0C91BC942}") = "filePointer", "filePointer\filePointer.vcxproj", "{6B8A45AC-11FD-40D0-BA26-333DCAE066B1}"
EndProject
Project("{8BC9CEB8-8B4A-11D0-8D11-00A0C91BC942}") = "timeOfFile", "timeOfFile\timeOfFile.vcxproj", "{BDDB18F8-E488-4135-BA45-BF8594A2CFB7}"
EndProject
Global
	GlobalSection(SolutionConfigurationPlatforms) = preSolution
		Debug|x64 = Debug|x64
		Debug|x86 = Debug|x86
		Release|x64 = Release|x64
		Release|x86 = Release|x86
	EndGlobalSection
	GlobalSection(ProjectConfigurationPlatforms) = postSolution
		{F3379797-947A-428A-9718-FFAD1E972806}.Debug|x64.ActiveCfg = Debug|x64
		{F3379797-947A-428A-9718-FFAD1E972806}.Debug|x64.Build.0 = Debug|x64
		{F3379797-947A-428A-9718-FFAD1E972806}.Debug|x86.ActiveCfg = Debug|Win32
		{F3379797-947A-428A-9718-FFAD1E972806}.Debug|x86.Build.0 = Debug|Win32
		{F3379797-947A-428A-9718-FFAD1E972806}.Release|x64.ActiveCfg = Release|x64
		{F3379797-947A-428A-9718-FFAD1E972806}.Release|x64.Build.0 = Release|x64
		{F3379797-947A-428A-9718-FFAD1E972806}.Release|x86.ActiveCfg = Release|Win32
		{F3379797-947A-428A-9718-FFAD1E972806}.Release|x86.Build.0 = Release|Win32
		{6B8A45AC-11FD-40D0-BA26-333DCAE066B1}.Debug|x64.ActiveCfg = Debug|x64
		{6B8A45AC-11FD-40D0-BA26-333DCAE066B1}.Debug|x64.Build.0 = Debug|x64
		{6B8A45AC-11FD-40D0-BA26-333DCAE066B1}.Debug|x86.ActiveCfg = Debug|Win32
		{6B8A45AC-11FD-40D0-BA26-333DCAE066B1}.Debug|x86.Build.0 = Debug|Win32
		{6B8A45AC-11FD-40D0-BA26-333DCAE066B1}.Release|x64.ActiveCfg = Release|x64
		{6B8A45AC-11FD-40D0-BA26-333DCAE066B1}.Release|x64.Build.0 = Release|x64
		{6B8A45AC-11FD-40D0-BA26-333DCAE066B1}.Release|x86.ActiveCfg = Release|Win32
		{6B8A45AC-11FD-40D0-BA26-333DCAE066B1}.Release|x86.Build.0 = Release|Win32
		{BDDB18F8-E488-4135-BA45-BF8594A2CFB7}.Debug|x64.ActiveCfg = Debug|x64
		{BDDB18F8-E488-4135-BA45-BF8594A2CFB7}.Debug|x64.Build.0 = Debug|x64
		{BDDB18F8-E488-4135-BA45-BF8594A2CFB7}.Debug|x86.ActiveCfg = Debug|Win32
		{BDDB18F8-E488-4135-BA45-BF8594A2CFB7}.Debug|x86.Build.0 = Debug|Win32
		{BDDB18F8-E488-4135-BA45-BF8594A2CFB7}.Release|x64.ActiveCfg = Release|x64
		{BDDB18F8-E488-4135-BA45-BF8594A2CFB7}.Release|x64.Build.0 = Release|x64
		{BDDB18F8-E488-4135-BA45-BF8594A2CFB7}.Release|x86.ActiveCfg = Release|Win32
		{BDDB18F8-E488-4135-BA45-BF8594A2CFB7}.Release|x86.Build.0 = Release|Win32
	EndGlobalSection
	GlobalSection(SolutionProperties) = preSolution
		HideSolutionNode = FALSE
	EndGlobalSection
EndGlobal
